
Microsoft Visual Studio Solution File, Format Version 12.00
# Visual Studio Version 17
VisualStudioVersion = 17.7.34024.191
MinimumVisualStudioVersion = 10.0.40219.1
Project("{FAE04EC0-301F-11D3-BF4B-00C04F79EFBC}") = "Shellcode_Injector", "Shellcode_Injector\Shellcode_Injector.csproj", "{73FA072B-3D62-4872-8C19-A93317DCBCCD}"
EndProject
Global
	GlobalSection(SolutionConfigurationPlatforms) = preSolution
		Debug|Any CPU = Debug|Any CPU
		Release|Any CPU = Release|Any CPU
	EndGlobalSection
	GlobalSection(ProjectConfigurationPlatforms) = postSolution
		{73FA072B-3D62-4872-8C19-A93317DCBCCD}.Debug|Any CPU.ActiveCfg = Debug|Any CPU
		{73FA072B-3D62-4872-8C19-A93317DCBCCD}.Debug|Any CPU.Build.0 = Debug|Any CPU
		{73FA072B-3D62-4872-8C19-A93317DCBCCD}.Release|Any CPU.ActiveCfg = Release|Any CPU
		{73FA072B-3D62-4872-8C19-A93317DCBCCD}.Release|Any CPU.Build.0 = Release|Any CPU
	EndGlobalSection
	GlobalSection(SolutionProperties) = preSolution
		HideSolutionNode = FALSE
	EndGlobalSection
	GlobalSection(ExtensibilityGlobals) = postSolution
		SolutionGuid = {DE240F16-F764-448B-B198-B50576E985A4}
	EndGlobalSection
EndGlobal
